{"name":"nova-studio","version":"0.1.1","lockfileVersion":3,"requires":{"node":">=14.17.0"},"packages":{"":{"name":"nova-studio","version":"0.1.1","dependencies":{"@next-auth/prisma-adapter":{"version":"1.1.5","resolved":"https://registry.npmjs.org/@next-auth/prisma-adapter/-/prisma-adapter-1.1.5.tgz","integrity":"sha512-CMBeDZtPsxZTvNF2G+PRLkFQk690XrSi99Av7izi8dZtITQeW6SN8XvF1/QltYcWkTGcqJTRjQdkJnSfos1RhA=="},"@prisma/client":{"version":"4.15.0","resolved":"https://registry.npmjs.org/@prisma/client/-/client-4.15.0.tgz","integrity":"sha512-z8pCkMlzcmkFJnljqcqLrTfETkkZX4zToib2MIiPv5bLr75tpfidB7vQ6X5WSRW7coWZJL2Jm8tpTuMScacOXg=="},"@rainbow-me/rainbowkit":{"version":"0.7.7","resolved":"https://registry.npmjs.org/@rainbow-me/rainbowkit/-/rainbowkit-0.7.7.tgz","integrity":"sha512-Onv+YUOuw6VsK4tybcQPHBzUcV5g4kXmlwbRNC+OzHQJyPOJECv3a19aTv1pnd+9o7w17KUYVFu2qFMX72yzPA=="},"@tanstack/react-query":{"version":"4.29.8","resolved":"https://registry.npmjs.org/@tanstack/react-query/-/react-query-4.29.8.tgz","integrity":"sha512-5kwMtxqlMS2cd5GOT8P0G0TfRQBYJhiK/DGpGmzO9x9KZkTsABnmrIXuOxpdsOWqJaZyZB4xksYb6XhYTqJT5w=="},"@web3modal/ethereum":{"version":"2.0.4","resolved":"https://registry.npmjs.org/@web3modal/ethereum/-/ethereum-2.0.4.tgz","integrity":"sha512-HNAxFMBAKyddvQ/gAEpErGp/q58L47bb0ZhTvjVYOtdkKXjNyoMOQYsTwHXdOjI59E+yo1R7aTwu7+G7ylhWzA=="},"@web3modal/react":{"version":"2.0.4","resolved":"https://registry.npmjs.org/@web3modal/react/-/react-2.0.4.tgz","integrity":"sha512-ZFsETnoTfYm2yRzjUQ1pMLjQ3w4ndi0tLKJMTq6EDcjp2vc0kh/jPMM1quBwc0SYyK80zq3nlkdYkFiLKO4Wb+w=="},"algoliasearch":{"version":"4.17.0","resolved":"https://registry.npmjs.org/algoliasearch/-/algoliasearch-4.17.0.tgz","integrity":"sha512-o01gfRtAMLPiuBuaeRfpIAJXxvIR0n3XUfu0VtQw7Fp+F52qOXO47wu5S30dc8m6uS0EpVWeAqSDPSHN8qlOKg=="},"axios":{"version":"1.4.0","resolved":"https://registry.npmjs.org/axios/-/axios-1.4.0.tgz","integrity":"sha512-WQor/PElkqlMmFWp0uTlxLGqO/4oNGv9I0h8zDbWuZxxVq5JMNuR/KeNpsEQZ35W8a7XMqk3KzjasoTddVqkBA=="},"classnames":{"version":"2.3.2","resolved":"https://registry.npmjs.org/classnames/-/classnames-2.3.2.tgz","integrity":"sha512-7AYWa0kPyEiGuunrHVsyAAVP1lCJEJZQqSpEBxkSu03i5eZYCtas9SYYekE+Aw/u1pM2+tPoSu8csXdfz2Z0iw=="},"date-fns":{"version":"2.30.0","resolved":"https://registry.npmjs.org/date-fns/-/date-fns-2.30.0.tgz","integrity":"sha512-tzwKPsxQ5M0p2U+MdTKI8Jc6RXqZ2CH94aNn0K+ZhFfqV3/14f58cGaHK0Nc2uHVbzBGQzmnWCvQcstapxY3kw=="},"eslint":{"version":"8.44.0","resolved":"https://registry.npmjs.org/eslint/-/eslint-8.44.0.tgz","integrity":"sha512-YYde1tjC1Xg62p0QZ2W8iUvtFNKWCSvX+6gy74qgETXN2LL/RvepeDcGivwStxG+Y94++UQ+CpxYOUG6HfoE2ww=="},"eslint-config-next":{"version":"13.4.9","resolved":"https://registry.npmjs.org/eslint-config-next/-/eslint-config-next-13.4.9.tgz","integrity":"sha512-YRGEN9WaUy9S5lT4KHqDxZCuUaZo2nJOGOKYE6a4V1T9kXRPTaU7ap4XqDl+U7bfvrTJjig4Ml0Z0NBSSQvdyWg=="},"ethers":{"version":"6.8.1","resolved":"https://registry.npmjs.org/ethers/-/ethers-6.8.1.tgz","integrity":"sha512-mrQlk0uxQ/yTLHJA3Yp3fZ2VQxDVJ+Ukj7n4EhBuukVrx2ccLmJ/GWxGAfyjxmnT39F0QWunWm6rfhJOL5/kNg=="},"framer-motion":{"version":"10.12.16","resolved":"https://registry.npmjs.org/framer-motion/-/framer-motion-10.12.16.tgz","integrity":"sha512-TvXVDmvXel2hgsAXZYg/ZtdrVHZui0bgDlByddfvkzT5f9+LTw7Vk0HwolkU/6Zmfbw3B2lXY/ecQnAjmSCvQw=="},"lodash":{"version":"4.17.21","resolved":"https://registry.npmjs.org/lodash/-/lodash-4.17.21.tgz","integrity":"sha512-v2Q7Q9Beavf76MZq6pTzJNmOdw8qQy3hurDIWzCV3pDdqS12SkKlzwoVcZs2bYl2NhQq+Dm4fHQWyK6mGMdkgQ=="},"mongoose":{"version":"7.5.3","resolved":"https://registry.npmjs.org/mongoose/-/mongoose-7.5.3.tgz","integrity":"sha512-B2093kcyL7l1HBF/UqwtGqFmaDy3lj3wTta+MXJTB42XwriBaqg0yBZCg9Tfju1lIUd3lduDl7r4xKabaQ1nFg=="},"nanoid":{"version":"4.0.0","resolved":"https://registry.npmjs.org/nanoid/-/nanoid-4.0.0.tgz","integrity":"sha512-oXF4pZKZhQor630j5zIonG41Cyjf7b0dwddyH2+EMvUTNP/jtO+WvE+RhuqH9YBoDNcgFMrT0WaKlVs8fcwfQQ=="},"next":{"version":"15.6.0","resolved":"https://registry.npmjs.org/next/-/next-15.6.0.tgz","integrity":"sha512-WEsAO8+/C+fS+Z1FJDAvEVK7lZpTbq0E4J5W4R5WY14etWaG5/fZLqECiRGB9iCzuu2FHaR85B8eCBfRgNl5pA=="},"nodemailer":{"version":"9.7.0","resolved":"https://registry.npmjs.org/nodemailer/-/nodemailer-9.7.0.tgz","integrity":"sha512-HDRXUp4vQrVpAKjZAzqITXUIo+7KzvjfzzmvFL1k9a4EdxK7X0p/9QqEhIE4fAHaCwUbvEYh5Gj76X22mdfFlw=="},"postcss":{"version":"8.5.10","resolved":"https://registry.npmjs.org/postcss/-/postcss-8.5.10.tgz","integrity":"sha512-R8Yop5EbG/+G7Q6ksS+JTZhBq9zn1rBiXaK1yNJ2CgTiWaKWz+SoqvKNzI5NmHYTW6RsT0yTZmJi0xQ3d22TJQ=="},"react":{"version":"18.2.0","resolved":"https://registry.npmjs.org/react/-/react-18.2.0.tgz","integrity":"sha512-6XnSQ/3N1KoYr9ufy8SdKM7RaWa6UOxrj/kMKhni6h5j8HTsCiDcHW3iX+6cgud4ypRcZSsZyPtW+W2Sfi9EWg=="},"react-dom":{"version":"18.2.0","resolved":"https://registry.npmjs.org/react-dom/-/react-dom-18.2.0.tgz","integrity":"sha512-NREdKZY/DDze7CjHpUhz8jx5lPBQjXGf7TtzisSrP6w3w/mS1SSZjdCy0hLVFPuVNQmho9bdNpAInwW7lusKw=="},"sharp":{"version":"0.35.0","resolved":"https://registry.npmjs.org/sharp/-/sharp-0.35.0.tgz","integrity":"sha512-v/Ts8OW4l4+M0MNQ6q+cYuR07x74Gyz/eo7GtBv6jnwBauqkQhH8p9xtZTQP+LGc8hCEaeN15VQH6qdsbBSkXw=="},"tailwindcss":{"version":"3.3.3","resolved":"https://registry.npmjs.org/tailwindcss/-/tailwindcss-3.3.3.tgz","integrity":"sha512-6iOVAQkztZx5oup6K6gJK0TUS5jyvh1U2mtZ9FsXQRX5npRi7kF8HxWi+194sB3lN8JQ2sxZKWpKM9g+ac7ClA=="},"typescript":{"version":"5.1.6","resolved":"https://registry.npmjs.org/typescript/-/typescript-5.1.6.tgz","integrity":"sha512-ZTvtF9yzeOZkJcB/22E+lDjP8t++MyKsK2BbSdRfQ1ajHNwyzo9M1YoZQq2X4vRKnEIRxig0vFfKaSbpL6BzSw=="},"zustand":{"version":"4.4.3","resolved":"https://registry.npmjs.org/zustand/-/zustand-4.4.3.tgz","integrity":"sha512-8VWGFQ5YipETs8Z1b4Zp0Uv2uTlVhXUF6BtuF95HYOCqbVlcdvvYXsLP2a4fbKBw0n2l4HWeQpsGH03guF5xUg=="}},"devDependencies":{"@types/node":{"version":"20.2.5","resolved":"https://registry.npmjs.org/@types/node/-/node-20.2.5.tgz","integrity":"sha512-OVh2oQgTI3k9TyPZxssZJaCQLI/xmZ2VxY/0xslV+dqzx8CNuw+It8EqBXTW3trAYlEOwq9+3H+kCTDW1Ge0dg=="},"@types/react":{"version":"18.2.14","resolved":"https://registry.npmjs.org/@types/react/-/react-18.2.14.tgz","integrity":"sha512-yJEqv1zS7EkIQ2Dn/uZMpL9pEjSjCvMu8GZupX7Dbq+Wb+EDPHV4Q+PYgK18hQz9YOErCse6cVdj2dFrT2Ms1w=="},"@types/react-dom":{"version":"18.2.7","resolved":"https://registry.npmjs.org/@types/react-dom/-/react-dom-18.2.7.tgz","integrity":"sha512-4ltNAp4fB66QZ7VMQ9hVmIcR4lo44LB30wnuTG60K7NVaST+vMXCdD9mgCBLZtZm5tTdpx09dCxSCvH6d4DpUA=="},"postcss-flexbugs-fixes":{"version":"5.0.3","resolved":"https://registry.npmjs.org/postcss-flexbugs-fixes/-/postcss-flexbugs-fixes-5.0.3.tgz","integrity":"sha512-Rd6vR8bFpphpk/bJzpGRjm5MX8Tysh93oJuTpa3U8zv5+RNxWyoXYlsmGIPNq04Quj+pdpB3CEQXQuXf5GpKlw=="},"prettier":{"version":"3.10.1","resolved":"https://registry.npmjs.org/prettier/-/prettier-3.10.1.tgz","integrity":"sha512-W0nx5d7uS4wsSHXAK8Bw68kRchKEkUZPbw0E4mr8IjQcxnYEYZrLJd0RGf6K8bzDIDI1EaZLVLJkKj6Mmi6D7w=="},"tailwindcss-fluid-type":{"version":"5.0.0","resolved":"https://registry.npmjs.org/tailwindcss-fluid-type/-/tailwindcss-fluid-type-5.0.0.tgz","integrity":"sha512-X7vv6wMrF7icad+VklXdiJA07vFQ6gztG1rfG/HXxjlYnQGqYzntKVo8pSnmHBScdVQm4XnaLyorrNx3Jk+gKg=="},"ts-node":{"version":"10.9.1","resolved":"https://registry.npmjs.org/ts-node/-/ts-node-10.9.1.tgz","integrity":"sha512-4M8B3XzluXhFaRJcMolTQZu1EmRODbTuFDH5HEiMl4xbAba7H/DPDlLp6EM4G1vDj1eBYdhkMAHvDETzRbjIQg=="},"typescript":{"version":"5.1.6","resolved":"https://registry.npmjs.org/typescript/-/typescript-5.1.6.tgz","integrity":"sha512-SFa3gUkJ1w7u8Xq8QZRhn3Qr3bG1uIUpA2g3vAJEeynPvIRkPFi148vYG+qUJ2pzSf2SlRro7T4ytch4Cg7cZg=="}